
Microsoft Visual Studio Solution File, Format Version 12.00
# Visual Studio 15
VisualStudioVersion = 15.0.26228.9
MinimumVisualStudioVersion = 10.0.40219.1
Project("{FAE04EC0-301F-11D3-BF4B-00C04F79EFBC}") = "01. Sino The Walker", "01. Sino The Walker\01. Sino The Walker.csproj", "{6D30F826-4127-4AA7-B4CC-D613ACCDAFCF}"
EndProject
Project("{FAE04EC0-301F-11D3-BF4B-00C04F79EFBC}") = "02. SoftUni Karaoke", "02. SoftUni Karaoke\02. SoftUni Karaoke.csproj", "{42C17331-AE7E-45C4-A579-543AAA81AB96}"
EndProject
Project("{FAE04EC0-301F-11D3-BF4B-00C04F79EFBC}") = "03. Endurance Rally", "03. Endurance Rally\03. Endurance Rally.csproj", "{3A17DAF7-A363-4DCB-A2A7-232B155DB60C}"
EndProject
Project("{FAE04EC0-301F-11D3-BF4B-00C04F79EFBC}") = "04. Winning Ticket", "04. Winning Ticket\04. Winning Ticket.csproj", "{D38E41E7-7E85-4283-985D-9BF813FA049E}"
EndProject
Global
	GlobalSection(SolutionConfigurationPlatforms) = preSolution
		Debug|Any CPU = Debug|Any CPU
		Release|Any CPU = Release|Any CPU
	EndGlobalSection
	GlobalSection(ProjectConfigurationPlatforms) = postSolution
		{6D30F826-4127-4AA7-B4CC-D613ACCDAFCF}.Debug|Any CPU.ActiveCfg = Debug|Any CPU
		{6D30F826-4127-4AA7-B4CC-D613ACCDAFCF}.Debug|Any CPU.Build.0 = Debug|Any CPU
		{6D30F826-4127-4AA7-B4CC-D613ACCDAFCF}.Release|Any CPU.ActiveCfg = Release|Any CPU
		{6D30F826-4127-4AA7-B4CC-D613ACCDAFCF}.Release|Any CPU.Build.0 = Release|Any CPU
		{42C17331-AE7E-45C4-A579-543AAA81AB96}.Debug|Any CPU.ActiveCfg = Debug|Any CPU
		{42C17331-AE7E-45C4-A579-543AAA81AB96}.Debug|Any CPU.Build.0 = Debug|Any CPU
		{42C17331-AE7E-45C4-A579-543AAA81AB96}.Release|Any CPU.ActiveCfg = Release|Any CPU
		{42C17331-AE7E-45C4-A579-543AAA81AB96}.Release|Any CPU.Build.0 = Release|Any CPU
		{3A17DAF7-A363-4DCB-A2A7-232B155DB60C}.Debug|Any CPU.ActiveCfg = Debug|Any CPU
		{3A17DAF7-A363-4DCB-A2A7-232B155DB60C}.Debug|Any CPU.Build.0 = Debug|Any CPU
		{3A17DAF7-A363-4DCB-A2A7-232B155DB60C}.Release|Any CPU.ActiveCfg = Release|Any CPU
		{3A17DAF7-A363-4DCB-A2A7-232B155DB60C}.Release|Any CPU.Build.0 = Release|Any CPU
		{D38E41E7-7E85-4283-985D-9BF813FA049E}.Debug|Any CPU.ActiveCfg = Debug|Any CPU
		{D38E41E7-7E85-4283-985D-9BF813FA049E}.Debug|Any CPU.Build.0 = Debug|Any CPU
		{D38E41E7-7E85-4283-985D-9BF813FA049E}.Release|Any CPU.ActiveCfg = Release|Any CPU
		{D38E41E7-7E85-4283-985D-9BF813FA049E}.Release|Any CPU.Build.0 = Release|Any CPU
	EndGlobalSection
	GlobalSection(SolutionProperties) = preSolution
		HideSolutionNode = FALSE
	EndGlobalSection
EndGlobal
