
Microsoft Visual Studio Solution File, Format Version 12.00
# Visual Studio 14
VisualStudioVersion = 14.0.25420.1
MinimumVisualStudioVersion = 10.0.40219.1
Project("{FAE04EC0-301F-11D3-BF4B-00C04F79EFBC}") = "01.Hello, Name!", "01.Hello, Name!\01.Hello, Name!.csproj", "{7EC9B55A-61DE-4F11-BB62-693C95F76452}"
EndProject
Project("{FAE04EC0-301F-11D3-BF4B-00C04F79EFBC}") = "02.Min Method", "02.Min Method\02.Min Method.csproj", "{873B1715-1619-483D-869F-13F363DA618E}"
EndProject
Project("{FAE04EC0-301F-11D3-BF4B-00C04F79EFBC}") = "03. String Repeater", "03. String Repeater\03. String Repeater.csproj", "{765C08F1-FAB5-4A94-9AEE-9F94C68AF0E7}"
EndProject
Project("{FAE04EC0-301F-11D3-BF4B-00C04F79EFBC}") = "04. Nth Digit", "04. Nth Digit\04. Nth Digit.csproj", "{9EEE4D27-5520-4DB5-B332-FC44EAAD5284}"
EndProject
Project("{FAE04EC0-301F-11D3-BF4B-00C04F79EFBC}") = "05. Integer to Base", "05. Integer to Base\05. Integer to Base.csproj", "{F5EB7616-38BA-4085-B800-6B6B951422E7}"
EndProject
Project("{FAE04EC0-301F-11D3-BF4B-00C04F79EFBC}") = "06. Notifications", "06. Notifications\06. Notifications.csproj", "{09D563AE-4E37-4EBA-B8E1-094B3A959DA2}"
EndProject
Global
	GlobalSection(SolutionConfigurationPlatforms) = preSolution
		Debug|Any CPU = Debug|Any CPU
		Release|Any CPU = Release|Any CPU
	EndGlobalSection
	GlobalSection(ProjectConfigurationPlatforms) = postSolution
		{7EC9B55A-61DE-4F11-BB62-693C95F76452}.Debug|Any CPU.ActiveCfg = Debug|Any CPU
		{7EC9B55A-61DE-4F11-BB62-693C95F76452}.Debug|Any CPU.Build.0 = Debug|Any CPU
		{7EC9B55A-61DE-4F11-BB62-693C95F76452}.Release|Any CPU.ActiveCfg = Release|Any CPU
		{7EC9B55A-61DE-4F11-BB62-693C95F76452}.Release|Any CPU.Build.0 = Release|Any CPU
		{873B1715-1619-483D-869F-13F363DA618E}.Debug|Any CPU.ActiveCfg = Debug|Any CPU
		{873B1715-1619-483D-869F-13F363DA618E}.Debug|Any CPU.Build.0 = Debug|Any CPU
		{873B1715-1619-483D-869F-13F363DA618E}.Release|Any CPU.ActiveCfg = Release|Any CPU
		{873B1715-1619-483D-869F-13F363DA618E}.Release|Any CPU.Build.0 = Release|Any CPU
		{765C08F1-FAB5-4A94-9AEE-9F94C68AF0E7}.Debug|Any CPU.ActiveCfg = Debug|Any CPU
		{765C08F1-FAB5-4A94-9AEE-9F94C68AF0E7}.Debug|Any CPU.Build.0 = Debug|Any CPU
		{765C08F1-FAB5-4A94-9AEE-9F94C68AF0E7}.Release|Any CPU.ActiveCfg = Release|Any CPU
		{765C08F1-FAB5-4A94-9AEE-9F94C68AF0E7}.Release|Any CPU.Build.0 = Release|Any CPU
		{9EEE4D27-5520-4DB5-B332-FC44EAAD5284}.Debug|Any CPU.ActiveCfg = Debug|Any CPU
		{9EEE4D27-5520-4DB5-B332-FC44EAAD5284}.Debug|Any CPU.Build.0 = Debug|Any CPU
		{9EEE4D27-5520-4DB5-B332-FC44EAAD5284}.Release|Any CPU.ActiveCfg = Release|Any CPU
		{9EEE4D27-5520-4DB5-B332-FC44EAAD5284}.Release|Any CPU.Build.0 = Release|Any CPU
		{F5EB7616-38BA-4085-B800-6B6B951422E7}.Debug|Any CPU.ActiveCfg = Debug|Any CPU
		{F5EB7616-38BA-4085-B800-6B6B951422E7}.Debug|Any CPU.Build.0 = Debug|Any CPU
		{F5EB7616-38BA-4085-B800-6B6B951422E7}.Release|Any CPU.ActiveCfg = Release|Any CPU
		{F5EB7616-38BA-4085-B800-6B6B951422E7}.Release|Any CPU.Build.0 = Release|Any CPU
		{09D563AE-4E37-4EBA-B8E1-094B3A959DA2}.Debug|Any CPU.ActiveCfg = Debug|Any CPU
		{09D563AE-4E37-4EBA-B8E1-094B3A959DA2}.Debug|Any CPU.Build.0 = Debug|Any CPU
		{09D563AE-4E37-4EBA-B8E1-094B3A959DA2}.Release|Any CPU.ActiveCfg = Release|Any CPU
		{09D563AE-4E37-4EBA-B8E1-094B3A959DA2}.Release|Any CPU.Build.0 = Release|Any CPU
	EndGlobalSection
	GlobalSection(SolutionProperties) = preSolution
		HideSolutionNode = FALSE
	EndGlobalSection
EndGlobal
