
Microsoft Visual Studio Solution File, Format Version 12.00
# Visual Studio 14
VisualStudioVersion = 14.0.25420.1
MinimumVisualStudioVersion = 10.0.40219.1
Project("{FAE04EC0-301F-11D3-BF4B-00C04F79EFBC}") = "01.Time Since Birthday", "01.Time Since Birthday\01.Time Since Birthday.csproj", "{E270AD07-E89B-4F93-86C6-F7248FC42C00}"
EndProject
Project("{FAE04EC0-301F-11D3-BF4B-00C04F79EFBC}") = "02.CirclePerimeter12Digits", "02.CirclePerimeter12Digits\02.CirclePerimeter12Digits.csproj", "{F38CB29F-5280-4A72-A17E-FB7FC5CB139A}"
EndProject
Project("{FAE04EC0-301F-11D3-BF4B-00C04F79EFBC}") = "03.ExactProductofRealNumbers", "03.ExactProductofRealNumbers\03.ExactProductofRealNumbers.csproj", "{6D204026-81FE-4BAA-8F74-5099F062CDD7}"
EndProject
Project("{FAE04EC0-301F-11D3-BF4B-00C04F79EFBC}") = "04.Transport", "04.Transport\04.Transport.csproj", "{AD198889-BEE2-4AD0-82B8-5656989C6F70}"
EndProject
Global
	GlobalSection(SolutionConfigurationPlatforms) = preSolution
		Debug|Any CPU = Debug|Any CPU
		Release|Any CPU = Release|Any CPU
	EndGlobalSection
	GlobalSection(ProjectConfigurationPlatforms) = postSolution
		{E270AD07-E89B-4F93-86C6-F7248FC42C00}.Debug|Any CPU.ActiveCfg = Debug|Any CPU
		{E270AD07-E89B-4F93-86C6-F7248FC42C00}.Debug|Any CPU.Build.0 = Debug|Any CPU
		{E270AD07-E89B-4F93-86C6-F7248FC42C00}.Release|Any CPU.ActiveCfg = Release|Any CPU
		{E270AD07-E89B-4F93-86C6-F7248FC42C00}.Release|Any CPU.Build.0 = Release|Any CPU
		{F38CB29F-5280-4A72-A17E-FB7FC5CB139A}.Debug|Any CPU.ActiveCfg = Debug|Any CPU
		{F38CB29F-5280-4A72-A17E-FB7FC5CB139A}.Debug|Any CPU.Build.0 = Debug|Any CPU
		{F38CB29F-5280-4A72-A17E-FB7FC5CB139A}.Release|Any CPU.ActiveCfg = Release|Any CPU
		{F38CB29F-5280-4A72-A17E-FB7FC5CB139A}.Release|Any CPU.Build.0 = Release|Any CPU
		{6D204026-81FE-4BAA-8F74-5099F062CDD7}.Debug|Any CPU.ActiveCfg = Debug|Any CPU
		{6D204026-81FE-4BAA-8F74-5099F062CDD7}.Debug|Any CPU.Build.0 = Debug|Any CPU
		{6D204026-81FE-4BAA-8F74-5099F062CDD7}.Release|Any CPU.ActiveCfg = Release|Any CPU
		{6D204026-81FE-4BAA-8F74-5099F062CDD7}.Release|Any CPU.Build.0 = Release|Any CPU
		{AD198889-BEE2-4AD0-82B8-5656989C6F70}.Debug|Any CPU.ActiveCfg = Debug|Any CPU
		{AD198889-BEE2-4AD0-82B8-5656989C6F70}.Debug|Any CPU.Build.0 = Debug|Any CPU
		{AD198889-BEE2-4AD0-82B8-5656989C6F70}.Release|Any CPU.ActiveCfg = Release|Any CPU
		{AD198889-BEE2-4AD0-82B8-5656989C6F70}.Release|Any CPU.Build.0 = Release|Any CPU
	EndGlobalSection
	GlobalSection(SolutionProperties) = preSolution
		HideSolutionNode = FALSE
	EndGlobalSection
EndGlobal
