
Microsoft Visual Studio Solution File, Format Version 12.00
# Visual Studio 15
VisualStudioVersion = 15.0.26228.9
MinimumVisualStudioVersion = 10.0.40219.1
Project("{FAE04EC0-301F-11D3-BF4B-00C04F79EFBC}") = "01. Charity Marathon", "01. Charity Marathon\01. Charity Marathon.csproj", "{AC7B5CF4-6C7F-48BB-B0A8-A02800033E70}"
EndProject
Project("{FAE04EC0-301F-11D3-BF4B-00C04F79EFBC}") = "02. Ladybugs", "02. Ladybugs\02. Ladybugs.csproj", "{BF7C56EE-15E3-4863-A07A-6C1C5D92E7A2}"
EndProject
Project("{FAE04EC0-301F-11D3-BF4B-00C04F79EFBC}") = "03. Nether Realms", "03. Nether Realms\03. Nether Realms.csproj", "{A683A61A-E4C3-4962-9334-080075221C05}"
EndProject
Project("{FAE04EC0-301F-11D3-BF4B-00C04F79EFBC}") = "04. Roli The Coder", "04. Roli The Coder\04. Roli The Coder.csproj", "{78FC6400-0E71-4CB7-8D38-A7172F7F5F78}"
EndProject
Global
	GlobalSection(SolutionConfigurationPlatforms) = preSolution
		Debug|Any CPU = Debug|Any CPU
		Release|Any CPU = Release|Any CPU
	EndGlobalSection
	GlobalSection(ProjectConfigurationPlatforms) = postSolution
		{AC7B5CF4-6C7F-48BB-B0A8-A02800033E70}.Debug|Any CPU.ActiveCfg = Debug|Any CPU
		{AC7B5CF4-6C7F-48BB-B0A8-A02800033E70}.Debug|Any CPU.Build.0 = Debug|Any CPU
		{AC7B5CF4-6C7F-48BB-B0A8-A02800033E70}.Release|Any CPU.ActiveCfg = Release|Any CPU
		{AC7B5CF4-6C7F-48BB-B0A8-A02800033E70}.Release|Any CPU.Build.0 = Release|Any CPU
		{BF7C56EE-15E3-4863-A07A-6C1C5D92E7A2}.Debug|Any CPU.ActiveCfg = Debug|Any CPU
		{BF7C56EE-15E3-4863-A07A-6C1C5D92E7A2}.Debug|Any CPU.Build.0 = Debug|Any CPU
		{BF7C56EE-15E3-4863-A07A-6C1C5D92E7A2}.Release|Any CPU.ActiveCfg = Release|Any CPU
		{BF7C56EE-15E3-4863-A07A-6C1C5D92E7A2}.Release|Any CPU.Build.0 = Release|Any CPU
		{A683A61A-E4C3-4962-9334-080075221C05}.Debug|Any CPU.ActiveCfg = Debug|Any CPU
		{A683A61A-E4C3-4962-9334-080075221C05}.Debug|Any CPU.Build.0 = Debug|Any CPU
		{A683A61A-E4C3-4962-9334-080075221C05}.Release|Any CPU.ActiveCfg = Release|Any CPU
		{A683A61A-E4C3-4962-9334-080075221C05}.Release|Any CPU.Build.0 = Release|Any CPU
		{78FC6400-0E71-4CB7-8D38-A7172F7F5F78}.Debug|Any CPU.ActiveCfg = Debug|Any CPU
		{78FC6400-0E71-4CB7-8D38-A7172F7F5F78}.Debug|Any CPU.Build.0 = Debug|Any CPU
		{78FC6400-0E71-4CB7-8D38-A7172F7F5F78}.Release|Any CPU.ActiveCfg = Release|Any CPU
		{78FC6400-0E71-4CB7-8D38-A7172F7F5F78}.Release|Any CPU.Build.0 = Release|Any CPU
	EndGlobalSection
	GlobalSection(SolutionProperties) = preSolution
		HideSolutionNode = FALSE
	EndGlobalSection
EndGlobal
