
Microsoft Visual Studio Solution File, Format Version 12.00
# Visual Studio 14
VisualStudioVersion = 14.0.25420.1
MinimumVisualStudioVersion = 10.0.40219.1
Project("{FAE04EC0-301F-11D3-BF4B-00C04F79EFBC}") = "01. Count Real Numbers", "01. Count Real Numbers\01. Count Real Numbers.csproj", "{B43C3C35-0238-43B6-8E4A-ED4BC623EB49}"
EndProject
Project("{FAE04EC0-301F-11D3-BF4B-00C04F79EFBC}") = "02. Odd Occurrences", "02. Odd Occurrences\02. Odd Occurrences.csproj", "{6EF59B3A-0861-4F96-B120-4D705FC285C4}"
EndProject
Global
	GlobalSection(SolutionConfigurationPlatforms) = preSolution
		Debug|Any CPU = Debug|Any CPU
		Release|Any CPU = Release|Any CPU
	EndGlobalSection
	GlobalSection(ProjectConfigurationPlatforms) = postSolution
		{B43C3C35-0238-43B6-8E4A-ED4BC623EB49}.Debug|Any CPU.ActiveCfg = Debug|Any CPU
		{B43C3C35-0238-43B6-8E4A-ED4BC623EB49}.Debug|Any CPU.Build.0 = Debug|Any CPU
		{B43C3C35-0238-43B6-8E4A-ED4BC623EB49}.Release|Any CPU.ActiveCfg = Release|Any CPU
		{B43C3C35-0238-43B6-8E4A-ED4BC623EB49}.Release|Any CPU.Build.0 = Release|Any CPU
		{6EF59B3A-0861-4F96-B120-4D705FC285C4}.Debug|Any CPU.ActiveCfg = Debug|Any CPU
		{6EF59B3A-0861-4F96-B120-4D705FC285C4}.Debug|Any CPU.Build.0 = Debug|Any CPU
		{6EF59B3A-0861-4F96-B120-4D705FC285C4}.Release|Any CPU.ActiveCfg = Release|Any CPU
		{6EF59B3A-0861-4F96-B120-4D705FC285C4}.Release|Any CPU.Build.0 = Release|Any CPU
	EndGlobalSection
	GlobalSection(SolutionProperties) = preSolution
		HideSolutionNode = FALSE
	EndGlobalSection
EndGlobal
