
Microsoft Visual Studio Solution File, Format Version 12.00
# Visual Studio 14
VisualStudioVersion = 14.0.25420.1
MinimumVisualStudioVersion = 10.0.40219.1
Project("{FAE04EC0-301F-11D3-BF4B-00C04F79EFBC}") = "01. Lambada Expressions", "01. Lambada Expressions\01. Lambada Expressions.csproj", "{4BF4E8B7-4FBB-4E83-9151-2F8DBB85ECB7}"
EndProject
Project("{FAE04EC0-301F-11D3-BF4B-00C04F79EFBC}") = "02. Ordered Banking System", "02. Ordered Banking System\02. Ordered Banking System.csproj", "{43BD403D-C89A-4894-8BA5-CCBAF08AECB8}"
EndProject
Project("{FAE04EC0-301F-11D3-BF4B-00C04F79EFBC}") = "03. LINQuistics", "03. LINQuistics\03. LINQuistics.csproj", "{63D82B1A-29FE-425C-B137-2D4E79C12E20}"
EndProject
Global
	GlobalSection(SolutionConfigurationPlatforms) = preSolution
		Debug|Any CPU = Debug|Any CPU
		Release|Any CPU = Release|Any CPU
	EndGlobalSection
	GlobalSection(ProjectConfigurationPlatforms) = postSolution
		{4BF4E8B7-4FBB-4E83-9151-2F8DBB85ECB7}.Debug|Any CPU.ActiveCfg = Debug|Any CPU
		{4BF4E8B7-4FBB-4E83-9151-2F8DBB85ECB7}.Debug|Any CPU.Build.0 = Debug|Any CPU
		{4BF4E8B7-4FBB-4E83-9151-2F8DBB85ECB7}.Release|Any CPU.ActiveCfg = Release|Any CPU
		{4BF4E8B7-4FBB-4E83-9151-2F8DBB85ECB7}.Release|Any CPU.Build.0 = Release|Any CPU
		{43BD403D-C89A-4894-8BA5-CCBAF08AECB8}.Debug|Any CPU.ActiveCfg = Debug|Any CPU
		{43BD403D-C89A-4894-8BA5-CCBAF08AECB8}.Debug|Any CPU.Build.0 = Debug|Any CPU
		{43BD403D-C89A-4894-8BA5-CCBAF08AECB8}.Release|Any CPU.ActiveCfg = Release|Any CPU
		{43BD403D-C89A-4894-8BA5-CCBAF08AECB8}.Release|Any CPU.Build.0 = Release|Any CPU
		{63D82B1A-29FE-425C-B137-2D4E79C12E20}.Debug|Any CPU.ActiveCfg = Debug|Any CPU
		{63D82B1A-29FE-425C-B137-2D4E79C12E20}.Debug|Any CPU.Build.0 = Debug|Any CPU
		{63D82B1A-29FE-425C-B137-2D4E79C12E20}.Release|Any CPU.ActiveCfg = Release|Any CPU
		{63D82B1A-29FE-425C-B137-2D4E79C12E20}.Release|Any CPU.Build.0 = Release|Any CPU
	EndGlobalSection
	GlobalSection(SolutionProperties) = preSolution
		HideSolutionNode = FALSE
	EndGlobalSection
EndGlobal
